PODS:
  - Alamofire (3.3.1)
  - AsyncSwift (1.7.2)
  - Cloudinary (1.0.15)
  - DBAlertController (0.2.5)
  - IQKeyboardManager (4.0.2)
  - PhoneNumberKit (0.7)
  - SDWebImage (3.7.5):
    - SDWebImage/Core (= 3.7.5)
  - SDWebImage/Core (3.7.5)
  - SwiftyJSON (2.3.2)

DEPENDENCIES:
  - Alamofire (~> 3.3)
  - AsyncSwift
  - Cloudinary
  - DBAlertController
  - IQKeyboardManager
  - PhoneNumberKit (~> 0.7)
  - SDWebImage (~> 3.7)
  - SwiftyJSON (from `https://github.com/SwiftyJSON/SwiftyJSON.git`)

EXTERNAL SOURCES:
  SwiftyJSON:
    :git: https://github.com/SwiftyJSON/SwiftyJSON.git

CHECKOUT OPTIONS:
  SwiftyJSON:
    :commit: 2a5b70f06001316d4fb54501edc70b4084705da0
    :git: https://github.com/SwiftyJSON/SwiftyJSON.git

SPEC CHECKSUMS:
  Alamofire: 369bc67b6f5ac33ded3648d7bd21c5bfb91c2ecc
  AsyncSwift: 46a78bceb11f0e5bb52747f740d9692ec78d2d7c
  Cloudinary: f80af4565ec08c521d5e58cb56d9fbe1e4595e40
  DBAlertController: de025781531a926cf849455b4596b90ad639b076
  IQKeyboardManager: 2341089c4ae25fa2fa82ce356a259fcd267dc6b6
  PhoneNumberKit: 0c726536585867d4877f496fa57473c6449f45a9
  SDWebImage: 69c6303e3348fba97e03f65d65d4fbc26740f461
  SwiftyJSON: 04ccea08915aa0109039157c7974cf0298da292a

COCOAPODS: 0.39.0
