PODS:
  - Alamofire (3.4.1)
  - AsyncSwift (1.7.2)
  - Charts (2.2.5):
    - Charts/Core (= 2.2.5)
  - Charts/Core (2.2.5)
  - Cloudinary (1.0.15)
  - DBAlertController (0.2.6)
  - DLRadioButton (1.4.8)
  - DZNEmptyDataSet (1.8.1)
  - GoogleMaps (1.13.2)
  - IQDropDownTextField (1.1.0)
  - IQKeyboardManager (4.0.3)
  - PhoneNumberKit (0.8.4)
  - RKNotificationHub (2.0.1)
  - SDWebImage (3.8.1):
    - SDWebImage/Core (= 3.8.1)
  - SDWebImage/Core (3.8.1)
  - Spring (1.0.3)
  - SVProgressHUD (2.0.3)
  - SwiftyJSON (2.3.2)
  - TextAttributes (0.3.1)
  - UIScrollView-InfiniteScroll (0.8.0)

DEPENDENCIES:
  - Alamofire (~> 3.3)
  - AsyncSwift
  - Charts
  - Cloudinary
  - DBAlertController
  - DLRadioButton (~> 1.4)
  - DZNEmptyDataSet
  - GoogleMaps
  - IQDropDownTextField
  - IQKeyboardManager
  - PhoneNumberKit (~> 0.7)
  - RKNotificationHub
  - SDWebImage (~> 3.7)
  - Spring (from `https://github.com/MengTo/Spring.git`, branch `swift2`)
  - SVProgressHUD
  - SwiftyJSON (from `https://github.com/SwiftyJSON/SwiftyJSON.git`)
  - TextAttributes
  - UIScrollView-InfiniteScroll

EXTERNAL SOURCES:
  Spring:
    :branch: swift2
    :git: https://github.com/MengTo/Spring.git
  SwiftyJSON:
    :git: https://github.com/SwiftyJSON/SwiftyJSON.git

CHECKOUT OPTIONS:
  Spring:
    :commit: 18d5c7b74489de8044e34767f856d1e574f0820e
    :git: https://github.com/MengTo/Spring.git
  SwiftyJSON:
    :commit: 73670b94292b8d8496c398a973f56ac67789ba9f
    :git: https://github.com/SwiftyJSON/SwiftyJSON.git

SPEC CHECKSUMS:
  Alamofire: 01a82e2f6c0f860ade35534c8dd88be61bdef40c
  AsyncSwift: 46a78bceb11f0e5bb52747f740d9692ec78d2d7c
  Charts: b48fcc8d7190de910ff9e9748f5360c8ea7856e5
  Cloudinary: f80af4565ec08c521d5e58cb56d9fbe1e4595e40
  DBAlertController: f6bc826127685e6e44b2d5003034d9ff1c952322
  DLRadioButton: 8fe4865b3ea8a5236e1d114dd283dd0884d3dc46
  DZNEmptyDataSet: 9525833b9e68ac21c30253e1d3d7076cc828eaa7
  GoogleMaps: b20a103ff307f58392e603cf142e59d7e30374c1
  IQDropDownTextField: 614f79ca905529c992045eaa112d0fc9ebb875d1
  IQKeyboardManager: be9695ffc5a52077deb4847608f338771022d6d1
  PhoneNumberKit: ec93d8c5e4614ecfc1ef333eb89f7eaadedcaa17
  RKNotificationHub: d80905a948c79c11673345f807133a0bfd17e320
  SDWebImage: 35f9627a3e44b4f292a8a8ce6a531fa488239b91
  Spring: 3f02b5dc3308572ef177b3cad0fa7bbc4b0706f7
  SVProgressHUD: b0830714205bea1317ea1a2ebc71e5633af334d4
  SwiftyJSON: 04ccea08915aa0109039157c7974cf0298da292a
  TextAttributes: b43233c6356a72f1c1e483d5bda694535432a4be
  UIScrollView-InfiniteScroll: afd22fc0e230436a27c5b8b44c0857cb5bd3716a

PODFILE CHECKSUM: 3cab33b5613126e33d9dd0272548d85406fae228

COCOAPODS: 1.0.1
